
Microsoft Visual Studio Solution File, Format Version 12.00
# Visual Studio Version 17
VisualStudioVersion = 17.10.35013.160
MinimumVisualStudioVersion = 10.0.40219.1
Project("{FAE04EC0-301F-11D3-BF4B-00C04F79EFBC}") = "BatallaNaval", "BatallaNaval\BatallaNaval.csproj", "{6E506BB4-FEBD-4CE8-98F4-80CE27B21BB8}"
EndProject
Project("{FAE04EC0-301F-11D3-BF4B-00C04F79EFBC}") = "BL", "BL\BL.csproj", "{4973BABA-3FA6-42C6-9488-35C13E16DB40}"
EndProject
Project("{FAE04EC0-301F-11D3-BF4B-00C04F79EFBC}") = "Socket", "Socket\Socket.csproj", "{C7F837BE-2CB4-49DF-B5C1-027DD5DF6062}"
EndProject
Global
	GlobalSection(SolutionConfigurationPlatforms) = preSolution
		Debug|Any CPU = Debug|Any CPU
		Release|Any CPU = Release|Any CPU
	EndGlobalSection
	GlobalSection(ProjectConfigurationPlatforms) = postSolution
		{6E506BB4-FEBD-4CE8-98F4-80CE27B21BB8}.Debug|Any CPU.ActiveCfg = Debug|Any CPU
		{6E506BB4-FEBD-4CE8-98F4-80CE27B21BB8}.Debug|Any CPU.Build.0 = Debug|Any CPU
		{6E506BB4-FEBD-4CE8-98F4-80CE27B21BB8}.Release|Any CPU.ActiveCfg = Release|Any CPU
		{6E506BB4-FEBD-4CE8-98F4-80CE27B21BB8}.Release|Any CPU.Build.0 = Release|Any CPU
		{4973BABA-3FA6-42C6-9488-35C13E16DB40}.Debug|Any CPU.ActiveCfg = Debug|Any CPU
		{4973BABA-3FA6-42C6-9488-35C13E16DB40}.Debug|Any CPU.Build.0 = Debug|Any CPU
		{4973BABA-3FA6-42C6-9488-35C13E16DB40}.Release|Any CPU.ActiveCfg = Release|Any CPU
		{4973BABA-3FA6-42C6-9488-35C13E16DB40}.Release|Any CPU.Build.0 = Release|Any CPU
		{C7F837BE-2CB4-49DF-B5C1-027DD5DF6062}.Debug|Any CPU.ActiveCfg = Debug|Any CPU
		{C7F837BE-2CB4-49DF-B5C1-027DD5DF6062}.Debug|Any CPU.Build.0 = Debug|Any CPU
		{C7F837BE-2CB4-49DF-B5C1-027DD5DF6062}.Release|Any CPU.ActiveCfg = Release|Any CPU
		{C7F837BE-2CB4-49DF-B5C1-027DD5DF6062}.Release|Any CPU.Build.0 = Release|Any CPU
	EndGlobalSection
	GlobalSection(SolutionProperties) = preSolution
		HideSolutionNode = FALSE
	EndGlobalSection
	GlobalSection(ExtensibilityGlobals) = postSolution
		SolutionGuid = {92814E22-E086-4D5F-81FC-05DA5EBBEB30}
	EndGlobalSection
EndGlobal
