
Microsoft Visual Studio Solution File, Format Version 12.00
# Visual Studio Version 17
VisualStudioVersion = 17.10.35013.160
MinimumVisualStudioVersion = 10.0.40219.1
Project("{FAE04EC0-301F-11D3-BF4B-00C04F79EFBC}") = "SocketServer", "SocketServer\SocketServer.csproj", "{87E8A7AD-0281-4E9C-A5A8-3F66CCF0FF92}"
EndProject
Project("{FAE04EC0-301F-11D3-BF4B-00C04F79EFBC}") = "Sockets", "Sockets\Sockets.csproj", "{D2439993-EFBA-4B03-9F96-C7F1E28AE9EF}"
EndProject
Project("{FAE04EC0-301F-11D3-BF4B-00C04F79EFBC}") = "DAL", "DAL\DAL.csproj", "{0CEA57BB-606D-46F8-8EF3-56EA06A7399A}"
EndProject
Global
	GlobalSection(SolutionConfigurationPlatforms) = preSolution
		Debug|Any CPU = Debug|Any CPU
		Release|Any CPU = Release|Any CPU
	EndGlobalSection
	GlobalSection(ProjectConfigurationPlatforms) = postSolution
		{87E8A7AD-0281-4E9C-A5A8-3F66CCF0FF92}.Debug|Any CPU.ActiveCfg = Debug|Any CPU
		{87E8A7AD-0281-4E9C-A5A8-3F66CCF0FF92}.Debug|Any CPU.Build.0 = Debug|Any CPU
		{87E8A7AD-0281-4E9C-A5A8-3F66CCF0FF92}.Release|Any CPU.ActiveCfg = Release|Any CPU
		{87E8A7AD-0281-4E9C-A5A8-3F66CCF0FF92}.Release|Any CPU.Build.0 = Release|Any CPU
		{D2439993-EFBA-4B03-9F96-C7F1E28AE9EF}.Debug|Any CPU.ActiveCfg = Debug|Any CPU
		{D2439993-EFBA-4B03-9F96-C7F1E28AE9EF}.Debug|Any CPU.Build.0 = Debug|Any CPU
		{D2439993-EFBA-4B03-9F96-C7F1E28AE9EF}.Release|Any CPU.ActiveCfg = Release|Any CPU
		{D2439993-EFBA-4B03-9F96-C7F1E28AE9EF}.Release|Any CPU.Build.0 = Release|Any CPU
		{0CEA57BB-606D-46F8-8EF3-56EA06A7399A}.Debug|Any CPU.ActiveCfg = Debug|Any CPU
		{0CEA57BB-606D-46F8-8EF3-56EA06A7399A}.Debug|Any CPU.Build.0 = Debug|Any CPU
		{0CEA57BB-606D-46F8-8EF3-56EA06A7399A}.Release|Any CPU.ActiveCfg = Release|Any CPU
		{0CEA57BB-606D-46F8-8EF3-56EA06A7399A}.Release|Any CPU.Build.0 = Release|Any CPU
	EndGlobalSection
	GlobalSection(SolutionProperties) = preSolution
		HideSolutionNode = FALSE
	EndGlobalSection
	GlobalSection(ExtensibilityGlobals) = postSolution
		SolutionGuid = {B2CC3098-F347-4D41-A288-963123182E83}
	EndGlobalSection
EndGlobal
